schema: '2.0'
stages:
  data_ingestion:
    cmd: python src/data_ingestion.py
    deps:
    - path: src/data_ingestion.py
      hash: md5
      md5: 08b1a2f901edd694615a08169f209545
      size: 3895
    params:
      params.yaml:
        data_ingestion.dataURL: 
          https://raw.githubusercontent.com/prathamd69/datasets/refs/heads/main/healthdataset.csv
        data_ingestion.testSplit: 0.2
    outs:
    - path: data/raw
      hash: md5
      md5: 92a29f05d3b9bb506d31c374bfda629b.dir
      size: 573214
      nfiles: 2
  data_preprocessing:
    cmd: python src/data_preprocessing.py
    deps:
    - path: data/raw
      hash: md5
      md5: 92a29f05d3b9bb506d31c374bfda629b.dir
      size: 573214
      nfiles: 2
    - path: src/data_preprocessing.py
      hash: md5
      md5: 373c56fdd81d5cd532cc30f6423b4a90
      size: 6869
    outs:
    - path: data/processed
      hash: md5
      md5: 7eedd46c8f5be97626d28cfabb0dbc01.dir
      size: 418997
      nfiles: 2
  feature_engg:
    cmd: python src/feature_engg.py
    deps:
    - path: data/processed
      hash: md5
      md5: 7eedd46c8f5be97626d28cfabb0dbc01.dir
      size: 418997
      nfiles: 2
    - path: src/feature_engg.py
      hash: md5
      md5: e014cd020caa5f88f03b7a75e4e0d4c0
      size: 5691
    outs:
    - path: data/final
      hash: md5
      md5: 6a464211acfbfebef14a299c034d6a8a.dir
      size: 739273
      nfiles: 2
  model_building:
    cmd: python src/model_training.py
    deps:
    - path: data/final
      hash: md5
      md5: 6a464211acfbfebef14a299c034d6a8a.dir
      size: 739273
      nfiles: 2
    - path: src/model_training.py
      hash: md5
      md5: c1c6526692c8dbc54af81b5fba59fb55
      size: 3520
    outs:
    - path: models/logisticregressionModel.pkl
      hash: md5
      md5: ba84c931fa40975b7fd73fd7fe538595
      size: 1165
  model_evaluation:
    cmd: python src/model_evaluation.py
    deps:
    - path: models/logisticregressionModel.pkl
      hash: md5
      md5: ba84c931fa40975b7fd73fd7fe538595
      size: 1165
    - path: src/model_evaluation.py
      hash: md5
      md5: 9c10b5b0fba6499b449d4fabc8f7a98d
      size: 4141
    outs:
    - path: reports/metrics.json
      hash: md5
      md5: 66e7634e76b8d5e693208602742059b9
      size: 148
  model_training:
    cmd: python src/model_training.py
    deps:
    - path: data/final
      hash: md5
      md5: 6a464211acfbfebef14a299c034d6a8a.dir
      size: 739273
      nfiles: 2
    - path: src/model_training.py
      hash: md5
      md5: 5fc0f44e2340c7f4ec1e41b444838790
      size: 4183
    params:
      params.yaml:
        model_training.max_iters: 100
    outs:
    - path: models/logisticregressionModel.pkl
      hash: md5
      md5: ba84c931fa40975b7fd73fd7fe538595
      size: 1165
